
Microsoft Visual Studio Solution File, Format Version 12.00
# Visual Studio Version 17
VisualStudioVersion = 17.6.33829.357
MinimumVisualStudioVersion = 10.0.40219.1
Project("{FAE04EC0-301F-11D3-BF4B-00C04F79EFBC}") = "TaskManager Pro", "TaskManager Pro.csproj", "{77B59E3D-3519-4B5A-9CAB-CBAAB40D76CD}"
EndProject
Global
	GlobalSection(SolutionConfigurationPlatforms) = preSolution
		Debug|Any CPU = Debug|Any CPU
		Release|Any CPU = Release|Any CPU
	EndGlobalSection
	GlobalSection(ProjectConfigurationPlatforms) = postSolution
		{77B59E3D-3519-4B5A-9CAB-CBAAB40D76CD}.Debug|Any CPU.ActiveCfg = Debug|Any CPU
		{77B59E3D-3519-4B5A-9CAB-CBAAB40D76CD}.Debug|Any CPU.Build.0 = Debug|Any CPU
		{77B59E3D-3519-4B5A-9CAB-CBAAB40D76CD}.Release|Any CPU.ActiveCfg = Release|Any CPU
		{77B59E3D-3519-4B5A-9CAB-CBAAB40D76CD}.Release|Any CPU.Build.0 = Release|Any CPU
	EndGlobalSection
	GlobalSection(SolutionProperties) = preSolution
		HideSolutionNode = FALSE
	EndGlobalSection
	GlobalSection(ExtensibilityGlobals) = postSolution
		SolutionGuid = {2B3B938E-BAEC-40D9-AAB3-FDDAA1278CE9}
	EndGlobalSection
EndGlobal
